
Microsoft Visual Studio Solution File, Format Version 12.00
# Visual Studio Version 17
VisualStudioVersion = 17.0.31903.59
MinimumVisualStudioVersion = 10.0.40219.1
Project("{2150E333-8FDC-42A3-9474-1A3956D46DE8}") = "src", "src", "{6ED356A7-8B47-4613-AD01-C85CF28491BD}"
EndProject
Project("{2150E333-8FDC-42A3-9474-1A3956D46DE8}") = "tests", "tests", "{664D406C-2F83-48F0-BFC3-408D5CB53C65}"
EndProject
Project("{9A19103F-16F7-4668-BE54-9A1E7A4F7556}") = "Domain.UnitTests", "tests\Domain.UnitTests\Domain.UnitTests.csproj", "{DC37FD87-552C-4613-9F16-1537CA522898}"
EndProject
Project("{2150E333-8FDC-42A3-9474-1A3956D46DE8}") = "Solution Items", "Solution Items", "{E2DA20AA-28D1-455C-BF50-C49A8F831633}"
	ProjectSection(SolutionItems) = preProject
		.editorconfig = .editorconfig
		.gitignore = .gitignore
		CleanArchitecture.nuspec = CleanArchitecture.nuspec
		Directory.Build.props = Directory.Build.props
		Directory.Packages.props = Directory.Packages.props
		global.json = global.json
		README.md = README.md
		docker-compose.yml = docker-compose.yml
	EndProjectSection
EndProject
Project("{9A19103F-16F7-4668-BE54-9A1E7A4F7556}") = "Application.FunctionalTests", "tests\Application.FunctionalTests\Application.FunctionalTests.csproj", "{EA6127A5-94C9-4C31-AD11-E6811B92B520}"
EndProject
Project("{FAE04EC0-301F-11D3-BF4B-00C04F79EFBC}") = "Shared", "src\Shared\Shared.csproj", "{636CD664-5B0E-4064-AE4E-E2F1BD15868C}"
EndProject
Project("{2150E333-8FDC-42A3-9474-1A3956D46DE8}") = "AppHost", "AppHost", "{0A9D9B2C-984D-4017-A749-1161A661C648}"
EndProject
Project("{FAE04EC0-301F-11D3-BF4B-00C04F79EFBC}") = "Aspire", "src\AppHost\Aspire\Aspire.csproj", "{34F762A7-E24F-49DE-83F5-9D5C4C3E8727}"
EndProject
Project("{FAE04EC0-301F-11D3-BF4B-00C04F79EFBC}") = "Aspire.ServiceDefaults", "src\AppHost\Aspire.ServiceDefaults\Aspire.ServiceDefaults.csproj", "{F1288742-F787-4940-93FD-65BF6AF8BA84}"
EndProject
Project("{2150E333-8FDC-42A3-9474-1A3956D46DE8}") = "Core", "Core", "{BC08B7A2-BDFE-4A99-A241-3CB4C4F3311B}"
EndProject
Project("{FAE04EC0-301F-11D3-BF4B-00C04F79EFBC}") = "Application", "src\Core\Application\Application.csproj", "{E001412A-D5B6-48CA-8ECA-BC075645561A}"
EndProject
Project("{FAE04EC0-301F-11D3-BF4B-00C04F79EFBC}") = "Domain", "src\Core\Domain\Domain.csproj", "{15F8972B-62F9-45F2-AA80-C3E41552CDE8}"
EndProject
Project("{FAE04EC0-301F-11D3-BF4B-00C04F79EFBC}") = "Infrastructure", "src\Infrastructure\Infrastructure.csproj", "{C3B8178A-EA9E-47C3-8721-12C44E081AB3}"
EndProject
Project("{FAE04EC0-301F-11D3-BF4B-00C04F79EFBC}") = "Web", "src\Web\Web.csproj", "{6DCDDB69-4279-4B45-9000-92E6CEBC83BA}"
EndProject
Project("{FAE04EC0-301F-11D3-BF4B-00C04F79EFBC}") = "Infrastructure.IntegrationTests", "tests\Infrastructure.IntegrationTests\Infrastructure.IntegrationTests.csproj", "{90A29ED8-87B2-40E8-B76B-2B691BE55220}"
EndProject
Global
	GlobalSection(SolutionConfigurationPlatforms) = preSolution
		Debug|Any CPU = Debug|Any CPU
		Release|Any CPU = Release|Any CPU
	EndGlobalSection
	GlobalSection(ProjectConfigurationPlatforms) = postSolution
		{DC37FD87-552C-4613-9F16-1537CA522898}.Debug|Any CPU.ActiveCfg = Debug|Any CPU
		{DC37FD87-552C-4613-9F16-1537CA522898}.Debug|Any CPU.Build.0 = Debug|Any CPU
		{DC37FD87-552C-4613-9F16-1537CA522898}.Release|Any CPU.ActiveCfg = Release|Any CPU
		{DC37FD87-552C-4613-9F16-1537CA522898}.Release|Any CPU.Build.0 = Release|Any CPU
		{EA6127A5-94C9-4C31-AD11-E6811B92B520}.Debug|Any CPU.ActiveCfg = Debug|Any CPU
		{EA6127A5-94C9-4C31-AD11-E6811B92B520}.Debug|Any CPU.Build.0 = Debug|Any CPU
		{EA6127A5-94C9-4C31-AD11-E6811B92B520}.Release|Any CPU.ActiveCfg = Release|Any CPU
		{EA6127A5-94C9-4C31-AD11-E6811B92B520}.Release|Any CPU.Build.0 = Release|Any CPU
		{636CD664-5B0E-4064-AE4E-E2F1BD15868C}.Debug|Any CPU.ActiveCfg = Debug|Any CPU
		{636CD664-5B0E-4064-AE4E-E2F1BD15868C}.Debug|Any CPU.Build.0 = Debug|Any CPU
		{636CD664-5B0E-4064-AE4E-E2F1BD15868C}.Release|Any CPU.ActiveCfg = Release|Any CPU
		{636CD664-5B0E-4064-AE4E-E2F1BD15868C}.Release|Any CPU.Build.0 = Release|Any CPU
		{34F762A7-E24F-49DE-83F5-9D5C4C3E8727}.Debug|Any CPU.ActiveCfg = Debug|Any CPU
		{34F762A7-E24F-49DE-83F5-9D5C4C3E8727}.Debug|Any CPU.Build.0 = Debug|Any CPU
		{34F762A7-E24F-49DE-83F5-9D5C4C3E8727}.Release|Any CPU.ActiveCfg = Release|Any CPU
		{34F762A7-E24F-49DE-83F5-9D5C4C3E8727}.Release|Any CPU.Build.0 = Release|Any CPU
		{F1288742-F787-4940-93FD-65BF6AF8BA84}.Debug|Any CPU.ActiveCfg = Debug|Any CPU
		{F1288742-F787-4940-93FD-65BF6AF8BA84}.Debug|Any CPU.Build.0 = Debug|Any CPU
		{F1288742-F787-4940-93FD-65BF6AF8BA84}.Release|Any CPU.ActiveCfg = Release|Any CPU
		{F1288742-F787-4940-93FD-65BF6AF8BA84}.Release|Any CPU.Build.0 = Release|Any CPU
		{E001412A-D5B6-48CA-8ECA-BC075645561A}.Debug|Any CPU.ActiveCfg = Debug|Any CPU
		{E001412A-D5B6-48CA-8ECA-BC075645561A}.Debug|Any CPU.Build.0 = Debug|Any CPU
		{E001412A-D5B6-48CA-8ECA-BC075645561A}.Release|Any CPU.ActiveCfg = Release|Any CPU
		{E001412A-D5B6-48CA-8ECA-BC075645561A}.Release|Any CPU.Build.0 = Release|Any CPU
		{15F8972B-62F9-45F2-AA80-C3E41552CDE8}.Debug|Any CPU.ActiveCfg = Debug|Any CPU
		{15F8972B-62F9-45F2-AA80-C3E41552CDE8}.Debug|Any CPU.Build.0 = Debug|Any CPU
		{15F8972B-62F9-45F2-AA80-C3E41552CDE8}.Release|Any CPU.ActiveCfg = Release|Any CPU
		{15F8972B-62F9-45F2-AA80-C3E41552CDE8}.Release|Any CPU.Build.0 = Release|Any CPU
		{C3B8178A-EA9E-47C3-8721-12C44E081AB3}.Debug|Any CPU.ActiveCfg = Debug|Any CPU
		{C3B8178A-EA9E-47C3-8721-12C44E081AB3}.Debug|Any CPU.Build.0 = Debug|Any CPU
		{C3B8178A-EA9E-47C3-8721-12C44E081AB3}.Release|Any CPU.ActiveCfg = Release|Any CPU
		{C3B8178A-EA9E-47C3-8721-12C44E081AB3}.Release|Any CPU.Build.0 = Release|Any CPU
		{6DCDDB69-4279-4B45-9000-92E6CEBC83BA}.Debug|Any CPU.ActiveCfg = Debug|Any CPU
		{6DCDDB69-4279-4B45-9000-92E6CEBC83BA}.Debug|Any CPU.Build.0 = Debug|Any CPU
		{6DCDDB69-4279-4B45-9000-92E6CEBC83BA}.Release|Any CPU.ActiveCfg = Release|Any CPU
		{6DCDDB69-4279-4B45-9000-92E6CEBC83BA}.Release|Any CPU.Build.0 = Release|Any CPU
		{90A29ED8-87B2-40E8-B76B-2B691BE55220}.Debug|Any CPU.ActiveCfg = Debug|Any CPU
		{90A29ED8-87B2-40E8-B76B-2B691BE55220}.Debug|Any CPU.Build.0 = Debug|Any CPU
		{90A29ED8-87B2-40E8-B76B-2B691BE55220}.Release|Any CPU.ActiveCfg = Release|Any CPU
		{90A29ED8-87B2-40E8-B76B-2B691BE55220}.Release|Any CPU.Build.0 = Release|Any CPU
	EndGlobalSection
	GlobalSection(SolutionProperties) = preSolution
		HideSolutionNode = FALSE
	EndGlobalSection
	GlobalSection(NestedProjects) = preSolution
		{DC37FD87-552C-4613-9F16-1537CA522898} = {664D406C-2F83-48F0-BFC3-408D5CB53C65}
		{EA6127A5-94C9-4C31-AD11-E6811B92B520} = {664D406C-2F83-48F0-BFC3-408D5CB53C65}
		{636CD664-5B0E-4064-AE4E-E2F1BD15868C} = {6ED356A7-8B47-4613-AD01-C85CF28491BD}
		{0A9D9B2C-984D-4017-A749-1161A661C648} = {6ED356A7-8B47-4613-AD01-C85CF28491BD}
		{34F762A7-E24F-49DE-83F5-9D5C4C3E8727} = {0A9D9B2C-984D-4017-A749-1161A661C648}
		{F1288742-F787-4940-93FD-65BF6AF8BA84} = {0A9D9B2C-984D-4017-A749-1161A661C648}
		{BC08B7A2-BDFE-4A99-A241-3CB4C4F3311B} = {6ED356A7-8B47-4613-AD01-C85CF28491BD}
		{E001412A-D5B6-48CA-8ECA-BC075645561A} = {BC08B7A2-BDFE-4A99-A241-3CB4C4F3311B}
		{15F8972B-62F9-45F2-AA80-C3E41552CDE8} = {BC08B7A2-BDFE-4A99-A241-3CB4C4F3311B}
		{C3B8178A-EA9E-47C3-8721-12C44E081AB3} = {6ED356A7-8B47-4613-AD01-C85CF28491BD}
		{6DCDDB69-4279-4B45-9000-92E6CEBC83BA} = {6ED356A7-8B47-4613-AD01-C85CF28491BD}
		{90A29ED8-87B2-40E8-B76B-2B691BE55220} = {664D406C-2F83-48F0-BFC3-408D5CB53C65}
	EndGlobalSection
	GlobalSection(ExtensibilityGlobals) = postSolution
		SolutionGuid = {3CB609D9-5D54-4C11-A371-DAAC8B74E430}
	EndGlobalSection
EndGlobal
