
Microsoft Visual Studio Solution File, Format Version 12.00
# Visual Studio Version 17
VisualStudioVersion = 17.0.31903.59
MinimumVisualStudioVersion = 10.0.40219.1
Project("{2150E333-8FDC-42A3-9474-1A3956D46DE8}") = "src", "src", "{C85CCE84-0DDF-48F9-9CE1-1342527FFFA2}"
EndProject
Project("{2150E333-8FDC-42A3-9474-1A3956D46DE8}") = "AppHost", "AppHost", "{81F9C645-DD3A-46DA-B4DF-9FD56D601572}"
EndProject
Project("{FAE04EC0-301F-11D3-BF4B-00C04F79EFBC}") = "Aspire.ServiceDefaults", "src\AppHost\Aspire.ServiceDefaults\Aspire.ServiceDefaults.csproj", "{A5A3DD27-FCA0-4DD5-B592-D606F67BBDB1}"
EndProject
Project("{FAE04EC0-301F-11D3-BF4B-00C04F79EFBC}") = "Aspire", "src\AppHost\Aspire\Aspire.csproj", "{2765D262-1614-4854-9799-E87020C50A47}"
EndProject
Project("{FAE04EC0-301F-11D3-BF4B-00C04F79EFBC}") = "Infrastructure", "src\Infrastructure\Infrastructure.csproj", "{3B553F30-7BDC-4E67-9319-2CE7A490E7DE}"
EndProject
Project("{FAE04EC0-301F-11D3-BF4B-00C04F79EFBC}") = "Web", "src\Web\Web.csproj", "{F893E52F-1EFA-4577-9EAC-A62E62F100F6}"
EndProject
Project("{2150E333-8FDC-42A3-9474-1A3956D46DE8}") = "tests", "tests", "{C8DE7090-470D-47DB-9C1F-5555023A4E8E}"
EndProject
Project("{FAE04EC0-301F-11D3-BF4B-00C04F79EFBC}") = "Application.FunctionalTests", "tests\Application.FunctionalTests\Application.FunctionalTests.csproj", "{69D053D2-36EF-44D0-944D-C7D473CF1200}"
EndProject
Project("{FAE04EC0-301F-11D3-BF4B-00C04F79EFBC}") = "Domain.UnitTests", "tests\Domain.UnitTests\Domain.UnitTests.csproj", "{6232BED8-A3A3-4546-AE4D-33C6D300C0AA}"
EndProject
Project("{FAE04EC0-301F-11D3-BF4B-00C04F79EFBC}") = "Infrastructure.IntegrationTests", "tests\Infrastructure.IntegrationTests\Infrastructure.IntegrationTests.csproj", "{A6C1A200-BE8C-409E-AD1F-C101D57BCDD3}"
EndProject
Project("{2150E333-8FDC-42A3-9474-1A3956D46DE8}") = "files", "files", "{CE63CCC1-6A5B-40EE-9012-F33960622216}"
	ProjectSection(SolutionItems) = preProject
		Directory.Build.props = Directory.Build.props
		Directory.Packages.props = Directory.Packages.props
		docker-compose.yml = docker-compose.yml
		global.json = global.json
		.editorconfig = .editorconfig
	EndProjectSection
EndProject
Project("{2150E333-8FDC-42A3-9474-1A3956D46DE8}") = "Modules", "Modules", "{5B9EAE03-6E60-4E6F-8D57-826B0FBF4456}"
EndProject
Project("{2150E333-8FDC-42A3-9474-1A3956D46DE8}") = "Shared", "Shared", "{912D870E-CC5B-421D-B607-FAE7254EB5FA}"
EndProject
Project("{FAE04EC0-301F-11D3-BF4B-00C04F79EFBC}") = "Shared.Registry", "src\Modules\Shared\Shared.Registry\Shared.Registry.csproj", "{9428B30D-4047-4CEB-BB55-ACC9FC251E0E}"
EndProject
Project("{FAE04EC0-301F-11D3-BF4B-00C04F79EFBC}") = "Shared.Contracts", "src\Modules\Shared\Shared.Contracts\Shared.Contracts.csproj", "{58F98165-81AB-4590-8A89-94782713CF59}"
EndProject
Project("{FAE04EC0-301F-11D3-BF4B-00C04F79EFBC}") = "Shared.Domain", "src\Modules\Shared\Shared.Domain\Shared.Domain.csproj", "{0AB5EBE6-A639-45D8-8BF6-DB414607BEC3}"
EndProject
Project("{2150E333-8FDC-42A3-9474-1A3956D46DE8}") = "Todos", "Todos", "{F37C6558-B51B-4739-9F66-FA72A9A62E97}"
EndProject
Project("{FAE04EC0-301F-11D3-BF4B-00C04F79EFBC}") = "Todos.Contracts", "src\Modules\Todos\Todos.Contracts\Todos.Contracts.csproj", "{ADA3E456-9CF0-4D4F-92D3-6A8883D0C205}"
EndProject
Project("{FAE04EC0-301F-11D3-BF4B-00C04F79EFBC}") = "Todos.Application", "src\Modules\Todos\Todos.Application\Todos.Application.csproj", "{EFA2376D-FC77-4A19-87AF-BC5B8A93AE3B}"
EndProject
Project("{FAE04EC0-301F-11D3-BF4B-00C04F79EFBC}") = "Todos.Domain", "src\Modules\Todos\Todos.Domain\Todos.Domain.csproj", "{AEAC1EBE-9376-40D1-9AC9-33A854F472A4}"
EndProject
Project("{2150E333-8FDC-42A3-9474-1A3956D46DE8}") = "Kernel", "Kernel", "{3D513642-2AFB-4623-A248-E68EE1B024DB}"
EndProject
Project("{FAE04EC0-301F-11D3-BF4B-00C04F79EFBC}") = "Kernel.Application", "src\Modules\Kernel\Kernel.Application\Kernel.Application.csproj", "{D3ECD7C8-3BDC-405A-8A10-304D22797301}"
EndProject
Project("{FAE04EC0-301F-11D3-BF4B-00C04F79EFBC}") = "Kernel.Contracts", "src\Modules\Kernel\Kernel.Contracts\Kernel.Contracts.csproj", "{24F4A777-DE6F-4E26-87B3-AF2DCD370E52}"
EndProject
Project("{FAE04EC0-301F-11D3-BF4B-00C04F79EFBC}") = "Kernel.Domain", "src\Modules\Kernel\Kernel.Domain\Kernel.Domain.csproj", "{DC529F12-BD57-44AC-A333-4CFA072F846E}"
EndProject
Project("{FAE04EC0-301F-11D3-BF4B-00C04F79EFBC}") = "Shared.Application", "src\Modules\Shared\Shared.Application\Shared.Application.csproj", "{B66B0A96-1384-4F8F-9869-965C811E9D8A}"
EndProject
Global
	GlobalSection(SolutionConfigurationPlatforms) = preSolution
		Debug|Any CPU = Debug|Any CPU
		Release|Any CPU = Release|Any CPU
	EndGlobalSection
	GlobalSection(SolutionProperties) = preSolution
		HideSolutionNode = FALSE
	EndGlobalSection
	GlobalSection(ProjectConfigurationPlatforms) = postSolution
		{A5A3DD27-FCA0-4DD5-B592-D606F67BBDB1}.Debug|Any CPU.ActiveCfg = Debug|Any CPU
		{A5A3DD27-FCA0-4DD5-B592-D606F67BBDB1}.Debug|Any CPU.Build.0 = Debug|Any CPU
		{A5A3DD27-FCA0-4DD5-B592-D606F67BBDB1}.Release|Any CPU.ActiveCfg = Release|Any CPU
		{A5A3DD27-FCA0-4DD5-B592-D606F67BBDB1}.Release|Any CPU.Build.0 = Release|Any CPU
		{2765D262-1614-4854-9799-E87020C50A47}.Debug|Any CPU.ActiveCfg = Debug|Any CPU
		{2765D262-1614-4854-9799-E87020C50A47}.Debug|Any CPU.Build.0 = Debug|Any CPU
		{2765D262-1614-4854-9799-E87020C50A47}.Release|Any CPU.ActiveCfg = Release|Any CPU
		{2765D262-1614-4854-9799-E87020C50A47}.Release|Any CPU.Build.0 = Release|Any CPU
		{3B553F30-7BDC-4E67-9319-2CE7A490E7DE}.Debug|Any CPU.ActiveCfg = Debug|Any CPU
		{3B553F30-7BDC-4E67-9319-2CE7A490E7DE}.Debug|Any CPU.Build.0 = Debug|Any CPU
		{3B553F30-7BDC-4E67-9319-2CE7A490E7DE}.Release|Any CPU.ActiveCfg = Release|Any CPU
		{3B553F30-7BDC-4E67-9319-2CE7A490E7DE}.Release|Any CPU.Build.0 = Release|Any CPU
		{F893E52F-1EFA-4577-9EAC-A62E62F100F6}.Debug|Any CPU.ActiveCfg = Debug|Any CPU
		{F893E52F-1EFA-4577-9EAC-A62E62F100F6}.Debug|Any CPU.Build.0 = Debug|Any CPU
		{F893E52F-1EFA-4577-9EAC-A62E62F100F6}.Release|Any CPU.ActiveCfg = Release|Any CPU
		{F893E52F-1EFA-4577-9EAC-A62E62F100F6}.Release|Any CPU.Build.0 = Release|Any CPU
		{69D053D2-36EF-44D0-944D-C7D473CF1200}.Debug|Any CPU.ActiveCfg = Debug|Any CPU
		{69D053D2-36EF-44D0-944D-C7D473CF1200}.Debug|Any CPU.Build.0 = Debug|Any CPU
		{69D053D2-36EF-44D0-944D-C7D473CF1200}.Release|Any CPU.ActiveCfg = Release|Any CPU
		{69D053D2-36EF-44D0-944D-C7D473CF1200}.Release|Any CPU.Build.0 = Release|Any CPU
		{6232BED8-A3A3-4546-AE4D-33C6D300C0AA}.Debug|Any CPU.ActiveCfg = Debug|Any CPU
		{6232BED8-A3A3-4546-AE4D-33C6D300C0AA}.Debug|Any CPU.Build.0 = Debug|Any CPU
		{6232BED8-A3A3-4546-AE4D-33C6D300C0AA}.Release|Any CPU.ActiveCfg = Release|Any CPU
		{6232BED8-A3A3-4546-AE4D-33C6D300C0AA}.Release|Any CPU.Build.0 = Release|Any CPU
		{A6C1A200-BE8C-409E-AD1F-C101D57BCDD3}.Debug|Any CPU.ActiveCfg = Debug|Any CPU
		{A6C1A200-BE8C-409E-AD1F-C101D57BCDD3}.Debug|Any CPU.Build.0 = Debug|Any CPU
		{A6C1A200-BE8C-409E-AD1F-C101D57BCDD3}.Release|Any CPU.ActiveCfg = Release|Any CPU
		{A6C1A200-BE8C-409E-AD1F-C101D57BCDD3}.Release|Any CPU.Build.0 = Release|Any CPU
		{9428B30D-4047-4CEB-BB55-ACC9FC251E0E}.Debug|Any CPU.ActiveCfg = Debug|Any CPU
		{9428B30D-4047-4CEB-BB55-ACC9FC251E0E}.Debug|Any CPU.Build.0 = Debug|Any CPU
		{9428B30D-4047-4CEB-BB55-ACC9FC251E0E}.Release|Any CPU.ActiveCfg = Release|Any CPU
		{9428B30D-4047-4CEB-BB55-ACC9FC251E0E}.Release|Any CPU.Build.0 = Release|Any CPU
		{58F98165-81AB-4590-8A89-94782713CF59}.Debug|Any CPU.ActiveCfg = Debug|Any CPU
		{58F98165-81AB-4590-8A89-94782713CF59}.Debug|Any CPU.Build.0 = Debug|Any CPU
		{58F98165-81AB-4590-8A89-94782713CF59}.Release|Any CPU.ActiveCfg = Release|Any CPU
		{58F98165-81AB-4590-8A89-94782713CF59}.Release|Any CPU.Build.0 = Release|Any CPU
		{0AB5EBE6-A639-45D8-8BF6-DB414607BEC3}.Debug|Any CPU.ActiveCfg = Debug|Any CPU
		{0AB5EBE6-A639-45D8-8BF6-DB414607BEC3}.Debug|Any CPU.Build.0 = Debug|Any CPU
		{0AB5EBE6-A639-45D8-8BF6-DB414607BEC3}.Release|Any CPU.ActiveCfg = Release|Any CPU
		{0AB5EBE6-A639-45D8-8BF6-DB414607BEC3}.Release|Any CPU.Build.0 = Release|Any CPU
		{ADA3E456-9CF0-4D4F-92D3-6A8883D0C205}.Debug|Any CPU.ActiveCfg = Debug|Any CPU
		{ADA3E456-9CF0-4D4F-92D3-6A8883D0C205}.Debug|Any CPU.Build.0 = Debug|Any CPU
		{ADA3E456-9CF0-4D4F-92D3-6A8883D0C205}.Release|Any CPU.ActiveCfg = Release|Any CPU
		{ADA3E456-9CF0-4D4F-92D3-6A8883D0C205}.Release|Any CPU.Build.0 = Release|Any CPU
		{EFA2376D-FC77-4A19-87AF-BC5B8A93AE3B}.Debug|Any CPU.ActiveCfg = Debug|Any CPU
		{EFA2376D-FC77-4A19-87AF-BC5B8A93AE3B}.Debug|Any CPU.Build.0 = Debug|Any CPU
		{EFA2376D-FC77-4A19-87AF-BC5B8A93AE3B}.Release|Any CPU.ActiveCfg = Release|Any CPU
		{EFA2376D-FC77-4A19-87AF-BC5B8A93AE3B}.Release|Any CPU.Build.0 = Release|Any CPU
		{AEAC1EBE-9376-40D1-9AC9-33A854F472A4}.Debug|Any CPU.ActiveCfg = Debug|Any CPU
		{AEAC1EBE-9376-40D1-9AC9-33A854F472A4}.Debug|Any CPU.Build.0 = Debug|Any CPU
		{AEAC1EBE-9376-40D1-9AC9-33A854F472A4}.Release|Any CPU.ActiveCfg = Release|Any CPU
		{AEAC1EBE-9376-40D1-9AC9-33A854F472A4}.Release|Any CPU.Build.0 = Release|Any CPU
		{D3ECD7C8-3BDC-405A-8A10-304D22797301}.Debug|Any CPU.ActiveCfg = Debug|Any CPU
		{D3ECD7C8-3BDC-405A-8A10-304D22797301}.Debug|Any CPU.Build.0 = Debug|Any CPU
		{D3ECD7C8-3BDC-405A-8A10-304D22797301}.Release|Any CPU.ActiveCfg = Release|Any CPU
		{D3ECD7C8-3BDC-405A-8A10-304D22797301}.Release|Any CPU.Build.0 = Release|Any CPU
		{24F4A777-DE6F-4E26-87B3-AF2DCD370E52}.Debug|Any CPU.ActiveCfg = Debug|Any CPU
		{24F4A777-DE6F-4E26-87B3-AF2DCD370E52}.Debug|Any CPU.Build.0 = Debug|Any CPU
		{24F4A777-DE6F-4E26-87B3-AF2DCD370E52}.Release|Any CPU.ActiveCfg = Release|Any CPU
		{24F4A777-DE6F-4E26-87B3-AF2DCD370E52}.Release|Any CPU.Build.0 = Release|Any CPU
		{DC529F12-BD57-44AC-A333-4CFA072F846E}.Debug|Any CPU.ActiveCfg = Debug|Any CPU
		{DC529F12-BD57-44AC-A333-4CFA072F846E}.Debug|Any CPU.Build.0 = Debug|Any CPU
		{DC529F12-BD57-44AC-A333-4CFA072F846E}.Release|Any CPU.ActiveCfg = Release|Any CPU
		{DC529F12-BD57-44AC-A333-4CFA072F846E}.Release|Any CPU.Build.0 = Release|Any CPU
		{B66B0A96-1384-4F8F-9869-965C811E9D8A}.Debug|Any CPU.ActiveCfg = Debug|Any CPU
		{B66B0A96-1384-4F8F-9869-965C811E9D8A}.Debug|Any CPU.Build.0 = Debug|Any CPU
		{B66B0A96-1384-4F8F-9869-965C811E9D8A}.Release|Any CPU.ActiveCfg = Release|Any CPU
		{B66B0A96-1384-4F8F-9869-965C811E9D8A}.Release|Any CPU.Build.0 = Release|Any CPU
	EndGlobalSection
	GlobalSection(NestedProjects) = preSolution
		{81F9C645-DD3A-46DA-B4DF-9FD56D601572} = {C85CCE84-0DDF-48F9-9CE1-1342527FFFA2}
		{A5A3DD27-FCA0-4DD5-B592-D606F67BBDB1} = {81F9C645-DD3A-46DA-B4DF-9FD56D601572}
		{2765D262-1614-4854-9799-E87020C50A47} = {81F9C645-DD3A-46DA-B4DF-9FD56D601572}
		{3B553F30-7BDC-4E67-9319-2CE7A490E7DE} = {C85CCE84-0DDF-48F9-9CE1-1342527FFFA2}
		{F893E52F-1EFA-4577-9EAC-A62E62F100F6} = {C85CCE84-0DDF-48F9-9CE1-1342527FFFA2}
		{69D053D2-36EF-44D0-944D-C7D473CF1200} = {C8DE7090-470D-47DB-9C1F-5555023A4E8E}
		{6232BED8-A3A3-4546-AE4D-33C6D300C0AA} = {C8DE7090-470D-47DB-9C1F-5555023A4E8E}
		{A6C1A200-BE8C-409E-AD1F-C101D57BCDD3} = {C8DE7090-470D-47DB-9C1F-5555023A4E8E}
		{5B9EAE03-6E60-4E6F-8D57-826B0FBF4456} = {C85CCE84-0DDF-48F9-9CE1-1342527FFFA2}
		{912D870E-CC5B-421D-B607-FAE7254EB5FA} = {5B9EAE03-6E60-4E6F-8D57-826B0FBF4456}
		{9428B30D-4047-4CEB-BB55-ACC9FC251E0E} = {912D870E-CC5B-421D-B607-FAE7254EB5FA}
		{58F98165-81AB-4590-8A89-94782713CF59} = {912D870E-CC5B-421D-B607-FAE7254EB5FA}
		{0AB5EBE6-A639-45D8-8BF6-DB414607BEC3} = {912D870E-CC5B-421D-B607-FAE7254EB5FA}
		{F37C6558-B51B-4739-9F66-FA72A9A62E97} = {5B9EAE03-6E60-4E6F-8D57-826B0FBF4456}
		{ADA3E456-9CF0-4D4F-92D3-6A8883D0C205} = {F37C6558-B51B-4739-9F66-FA72A9A62E97}
		{EFA2376D-FC77-4A19-87AF-BC5B8A93AE3B} = {F37C6558-B51B-4739-9F66-FA72A9A62E97}
		{AEAC1EBE-9376-40D1-9AC9-33A854F472A4} = {F37C6558-B51B-4739-9F66-FA72A9A62E97}
		{3D513642-2AFB-4623-A248-E68EE1B024DB} = {5B9EAE03-6E60-4E6F-8D57-826B0FBF4456}
		{D3ECD7C8-3BDC-405A-8A10-304D22797301} = {3D513642-2AFB-4623-A248-E68EE1B024DB}
		{24F4A777-DE6F-4E26-87B3-AF2DCD370E52} = {3D513642-2AFB-4623-A248-E68EE1B024DB}
		{DC529F12-BD57-44AC-A333-4CFA072F846E} = {3D513642-2AFB-4623-A248-E68EE1B024DB}
		{B66B0A96-1384-4F8F-9869-965C811E9D8A} = {912D870E-CC5B-421D-B607-FAE7254EB5FA}
	EndGlobalSection
EndGlobal
