
Microsoft Visual Studio Solution File, Format Version 12.00
# Visual Studio Version 17
VisualStudioVersion = 17.0.31903.59
MinimumVisualStudioVersion = 10.0.40219.1
Project("{2150E333-8FDC-42A3-9474-1A3956D46DE8}") = "src", "src", "{C85CCE84-0DDF-48F9-9CE1-1342527FFFA2}"
EndProject
Project("{2150E333-8FDC-42A3-9474-1A3956D46DE8}") = "AppHost", "AppHost", "{81F9C645-DD3A-46DA-B4DF-9FD56D601572}"
EndProject
Project("{FAE04EC0-301F-11D3-BF4B-00C04F79EFBC}") = "Aspire.ServiceDefaults", "src\AppHost\Aspire.ServiceDefaults\Aspire.ServiceDefaults.csproj", "{A5A3DD27-FCA0-4DD5-B592-D606F67BBDB1}"
EndProject
Project("{FAE04EC0-301F-11D3-BF4B-00C04F79EFBC}") = "Aspire", "src\AppHost\Aspire\Aspire.csproj", "{2765D262-1614-4854-9799-E87020C50A47}"
EndProject
Project("{FAE04EC0-301F-11D3-BF4B-00C04F79EFBC}") = "Infrastructure", "src\Infrastructure\Infrastructure.csproj", "{3B553F30-7BDC-4E67-9319-2CE7A490E7DE}"
EndProject
Project("{FAE04EC0-301F-11D3-BF4B-00C04F79EFBC}") = "Web", "src\Web\Web.csproj", "{F893E52F-1EFA-4577-9EAC-A62E62F100F6}"
EndProject
Project("{2150E333-8FDC-42A3-9474-1A3956D46DE8}") = "tests", "tests", "{C8DE7090-470D-47DB-9C1F-5555023A4E8E}"
EndProject
Project("{FAE04EC0-301F-11D3-BF4B-00C04F79EFBC}") = "Application.FunctionalTests", "tests\Application.FunctionalTests\Application.FunctionalTests.csproj", "{69D053D2-36EF-44D0-944D-C7D473CF1200}"
EndProject
Project("{FAE04EC0-301F-11D3-BF4B-00C04F79EFBC}") = "Domain.UnitTests", "tests\Domain.UnitTests\Domain.UnitTests.csproj", "{6232BED8-A3A3-4546-AE4D-33C6D300C0AA}"
EndProject
Project("{FAE04EC0-301F-11D3-BF4B-00C04F79EFBC}") = "Infrastructure.IntegrationTests", "tests\Infrastructure.IntegrationTests\Infrastructure.IntegrationTests.csproj", "{A6C1A200-BE8C-409E-AD1F-C101D57BCDD3}"
EndProject
Project("{2150E333-8FDC-42A3-9474-1A3956D46DE8}") = "files", "files", "{CE63CCC1-6A5B-40EE-9012-F33960622216}"
	ProjectSection(SolutionItems) = preProject
		Directory.Build.props = Directory.Build.props
		Directory.Packages.props = Directory.Packages.props
		docker-compose.yml = docker-compose.yml
		global.json = global.json
		.editorconfig = .editorconfig
	EndProjectSection
EndProject
Project("{2150E333-8FDC-42A3-9474-1A3956D46DE8}") = "Modules", "Modules", "{6A08A26C-4FC1-4D1A-A29C-1CE41087B135}"
EndProject
Project("{2150E333-8FDC-42A3-9474-1A3956D46DE8}") = "Shared", "Shared", "{B14722C9-4593-4662-ACAE-35381D0DB844}"
EndProject
Project("{2150E333-8FDC-42A3-9474-1A3956D46DE8}") = "Todos", "Todos", "{C0F614D4-AC02-4DFB-9B22-E1610BAB4692}"
EndProject
Project("{FAE04EC0-301F-11D3-BF4B-00C04F79EFBC}") = "Shared.Contracts", "Shared.Contracts\Shared.Contracts.csproj", "{9FB91B3D-BA13-4C3E-BEB6-31A9CA74FE25}"
EndProject
Project("{FAE04EC0-301F-11D3-BF4B-00C04F79EFBC}") = "Shared.Application", "Shared.Application\Shared.Application.csproj", "{9C96F237-A55D-4518-90C2-1CC842687003}"
EndProject
Project("{FAE04EC0-301F-11D3-BF4B-00C04F79EFBC}") = "Todos.Application", "Todos.Application\Todos.Application.csproj", "{92527B8D-EE65-4FB0-9072-9574E9D02A68}"
EndProject
Project("{FAE04EC0-301F-11D3-BF4B-00C04F79EFBC}") = "Todos.Contracts", "Todos.Contracts\Todos.Contracts.csproj", "{6DEB38A3-BC35-4E57-BA61-A3BF9A92042F}"
EndProject
Project("{FAE04EC0-301F-11D3-BF4B-00C04F79EFBC}") = "Todos.Domain", "Todos.Domain\Todos.Domain.csproj", "{C866ECA2-3108-4FBB-9FBE-8A25E6FCC965}"
EndProject
Project("{FAE04EC0-301F-11D3-BF4B-00C04F79EFBC}") = "Shared.Domain", "Shared.Domain\Shared.Domain.csproj", "{53A3C158-58CC-4495-8BD5-EFD81F3C7942}"
EndProject
Project("{2150E333-8FDC-42A3-9474-1A3956D46DE8}") = "Kernel", "Kernel", "{855CCFCD-207E-4BEF-8580-863F74B4786B}"
EndProject
Project("{FAE04EC0-301F-11D3-BF4B-00C04F79EFBC}") = "Kernel.Contracts", "Kernel.Contracts\Kernel.Contracts.csproj", "{07AFE05E-F93A-4349-9A71-C7C09BB77756}"
EndProject
Project("{FAE04EC0-301F-11D3-BF4B-00C04F79EFBC}") = "Kernel.Application", "Kernel.Application\Kernel.Application.csproj", "{12B7A071-5CA0-4EE2-83D9-547011808551}"
EndProject
Project("{FAE04EC0-301F-11D3-BF4B-00C04F79EFBC}") = "Kernel.Domain", "Kernel.Domain\Kernel.Domain.csproj", "{2B723E81-3152-4F50-BFF7-36C1F343AEE8}"
EndProject
Global
	GlobalSection(SolutionConfigurationPlatforms) = preSolution
		Debug|Any CPU = Debug|Any CPU
		Release|Any CPU = Release|Any CPU
	EndGlobalSection
	GlobalSection(SolutionProperties) = preSolution
		HideSolutionNode = FALSE
	EndGlobalSection
	GlobalSection(ProjectConfigurationPlatforms) = postSolution
		{A5A3DD27-FCA0-4DD5-B592-D606F67BBDB1}.Debug|Any CPU.ActiveCfg = Debug|Any CPU
		{A5A3DD27-FCA0-4DD5-B592-D606F67BBDB1}.Debug|Any CPU.Build.0 = Debug|Any CPU
		{A5A3DD27-FCA0-4DD5-B592-D606F67BBDB1}.Release|Any CPU.ActiveCfg = Release|Any CPU
		{A5A3DD27-FCA0-4DD5-B592-D606F67BBDB1}.Release|Any CPU.Build.0 = Release|Any CPU
		{2765D262-1614-4854-9799-E87020C50A47}.Debug|Any CPU.ActiveCfg = Debug|Any CPU
		{2765D262-1614-4854-9799-E87020C50A47}.Debug|Any CPU.Build.0 = Debug|Any CPU
		{2765D262-1614-4854-9799-E87020C50A47}.Release|Any CPU.ActiveCfg = Release|Any CPU
		{2765D262-1614-4854-9799-E87020C50A47}.Release|Any CPU.Build.0 = Release|Any CPU
		{3B553F30-7BDC-4E67-9319-2CE7A490E7DE}.Debug|Any CPU.ActiveCfg = Debug|Any CPU
		{3B553F30-7BDC-4E67-9319-2CE7A490E7DE}.Debug|Any CPU.Build.0 = Debug|Any CPU
		{3B553F30-7BDC-4E67-9319-2CE7A490E7DE}.Release|Any CPU.ActiveCfg = Release|Any CPU
		{3B553F30-7BDC-4E67-9319-2CE7A490E7DE}.Release|Any CPU.Build.0 = Release|Any CPU
		{F893E52F-1EFA-4577-9EAC-A62E62F100F6}.Debug|Any CPU.ActiveCfg = Debug|Any CPU
		{F893E52F-1EFA-4577-9EAC-A62E62F100F6}.Debug|Any CPU.Build.0 = Debug|Any CPU
		{F893E52F-1EFA-4577-9EAC-A62E62F100F6}.Release|Any CPU.ActiveCfg = Release|Any CPU
		{F893E52F-1EFA-4577-9EAC-A62E62F100F6}.Release|Any CPU.Build.0 = Release|Any CPU
		{69D053D2-36EF-44D0-944D-C7D473CF1200}.Debug|Any CPU.ActiveCfg = Debug|Any CPU
		{69D053D2-36EF-44D0-944D-C7D473CF1200}.Debug|Any CPU.Build.0 = Debug|Any CPU
		{69D053D2-36EF-44D0-944D-C7D473CF1200}.Release|Any CPU.ActiveCfg = Release|Any CPU
		{69D053D2-36EF-44D0-944D-C7D473CF1200}.Release|Any CPU.Build.0 = Release|Any CPU
		{6232BED8-A3A3-4546-AE4D-33C6D300C0AA}.Debug|Any CPU.ActiveCfg = Debug|Any CPU
		{6232BED8-A3A3-4546-AE4D-33C6D300C0AA}.Debug|Any CPU.Build.0 = Debug|Any CPU
		{6232BED8-A3A3-4546-AE4D-33C6D300C0AA}.Release|Any CPU.ActiveCfg = Release|Any CPU
		{6232BED8-A3A3-4546-AE4D-33C6D300C0AA}.Release|Any CPU.Build.0 = Release|Any CPU
		{A6C1A200-BE8C-409E-AD1F-C101D57BCDD3}.Debug|Any CPU.ActiveCfg = Debug|Any CPU
		{A6C1A200-BE8C-409E-AD1F-C101D57BCDD3}.Debug|Any CPU.Build.0 = Debug|Any CPU
		{A6C1A200-BE8C-409E-AD1F-C101D57BCDD3}.Release|Any CPU.ActiveCfg = Release|Any CPU
		{A6C1A200-BE8C-409E-AD1F-C101D57BCDD3}.Release|Any CPU.Build.0 = Release|Any CPU
		{9FB91B3D-BA13-4C3E-BEB6-31A9CA74FE25}.Debug|Any CPU.ActiveCfg = Debug|Any CPU
		{9FB91B3D-BA13-4C3E-BEB6-31A9CA74FE25}.Debug|Any CPU.Build.0 = Debug|Any CPU
		{9FB91B3D-BA13-4C3E-BEB6-31A9CA74FE25}.Release|Any CPU.ActiveCfg = Release|Any CPU
		{9FB91B3D-BA13-4C3E-BEB6-31A9CA74FE25}.Release|Any CPU.Build.0 = Release|Any CPU
		{9C96F237-A55D-4518-90C2-1CC842687003}.Debug|Any CPU.ActiveCfg = Debug|Any CPU
		{9C96F237-A55D-4518-90C2-1CC842687003}.Debug|Any CPU.Build.0 = Debug|Any CPU
		{9C96F237-A55D-4518-90C2-1CC842687003}.Release|Any CPU.ActiveCfg = Release|Any CPU
		{9C96F237-A55D-4518-90C2-1CC842687003}.Release|Any CPU.Build.0 = Release|Any CPU
		{92527B8D-EE65-4FB0-9072-9574E9D02A68}.Debug|Any CPU.ActiveCfg = Debug|Any CPU
		{92527B8D-EE65-4FB0-9072-9574E9D02A68}.Debug|Any CPU.Build.0 = Debug|Any CPU
		{92527B8D-EE65-4FB0-9072-9574E9D02A68}.Release|Any CPU.ActiveCfg = Release|Any CPU
		{92527B8D-EE65-4FB0-9072-9574E9D02A68}.Release|Any CPU.Build.0 = Release|Any CPU
		{6DEB38A3-BC35-4E57-BA61-A3BF9A92042F}.Debug|Any CPU.ActiveCfg = Debug|Any CPU
		{6DEB38A3-BC35-4E57-BA61-A3BF9A92042F}.Debug|Any CPU.Build.0 = Debug|Any CPU
		{6DEB38A3-BC35-4E57-BA61-A3BF9A92042F}.Release|Any CPU.ActiveCfg = Release|Any CPU
		{6DEB38A3-BC35-4E57-BA61-A3BF9A92042F}.Release|Any CPU.Build.0 = Release|Any CPU
		{C866ECA2-3108-4FBB-9FBE-8A25E6FCC965}.Debug|Any CPU.ActiveCfg = Debug|Any CPU
		{C866ECA2-3108-4FBB-9FBE-8A25E6FCC965}.Debug|Any CPU.Build.0 = Debug|Any CPU
		{C866ECA2-3108-4FBB-9FBE-8A25E6FCC965}.Release|Any CPU.ActiveCfg = Release|Any CPU
		{C866ECA2-3108-4FBB-9FBE-8A25E6FCC965}.Release|Any CPU.Build.0 = Release|Any CPU
		{53A3C158-58CC-4495-8BD5-EFD81F3C7942}.Debug|Any CPU.ActiveCfg = Debug|Any CPU
		{53A3C158-58CC-4495-8BD5-EFD81F3C7942}.Debug|Any CPU.Build.0 = Debug|Any CPU
		{53A3C158-58CC-4495-8BD5-EFD81F3C7942}.Release|Any CPU.ActiveCfg = Release|Any CPU
		{53A3C158-58CC-4495-8BD5-EFD81F3C7942}.Release|Any CPU.Build.0 = Release|Any CPU
		{07AFE05E-F93A-4349-9A71-C7C09BB77756}.Debug|Any CPU.ActiveCfg = Debug|Any CPU
		{07AFE05E-F93A-4349-9A71-C7C09BB77756}.Debug|Any CPU.Build.0 = Debug|Any CPU
		{07AFE05E-F93A-4349-9A71-C7C09BB77756}.Release|Any CPU.ActiveCfg = Release|Any CPU
		{07AFE05E-F93A-4349-9A71-C7C09BB77756}.Release|Any CPU.Build.0 = Release|Any CPU
		{12B7A071-5CA0-4EE2-83D9-547011808551}.Debug|Any CPU.ActiveCfg = Debug|Any CPU
		{12B7A071-5CA0-4EE2-83D9-547011808551}.Debug|Any CPU.Build.0 = Debug|Any CPU
		{12B7A071-5CA0-4EE2-83D9-547011808551}.Release|Any CPU.ActiveCfg = Release|Any CPU
		{12B7A071-5CA0-4EE2-83D9-547011808551}.Release|Any CPU.Build.0 = Release|Any CPU
		{2B723E81-3152-4F50-BFF7-36C1F343AEE8}.Debug|Any CPU.ActiveCfg = Debug|Any CPU
		{2B723E81-3152-4F50-BFF7-36C1F343AEE8}.Debug|Any CPU.Build.0 = Debug|Any CPU
		{2B723E81-3152-4F50-BFF7-36C1F343AEE8}.Release|Any CPU.ActiveCfg = Release|Any CPU
		{2B723E81-3152-4F50-BFF7-36C1F343AEE8}.Release|Any CPU.Build.0 = Release|Any CPU
	EndGlobalSection
	GlobalSection(NestedProjects) = preSolution
		{81F9C645-DD3A-46DA-B4DF-9FD56D601572} = {C85CCE84-0DDF-48F9-9CE1-1342527FFFA2}
		{A5A3DD27-FCA0-4DD5-B592-D606F67BBDB1} = {81F9C645-DD3A-46DA-B4DF-9FD56D601572}
		{2765D262-1614-4854-9799-E87020C50A47} = {81F9C645-DD3A-46DA-B4DF-9FD56D601572}
		{3B553F30-7BDC-4E67-9319-2CE7A490E7DE} = {C85CCE84-0DDF-48F9-9CE1-1342527FFFA2}
		{F893E52F-1EFA-4577-9EAC-A62E62F100F6} = {C85CCE84-0DDF-48F9-9CE1-1342527FFFA2}
		{69D053D2-36EF-44D0-944D-C7D473CF1200} = {C8DE7090-470D-47DB-9C1F-5555023A4E8E}
		{6232BED8-A3A3-4546-AE4D-33C6D300C0AA} = {C8DE7090-470D-47DB-9C1F-5555023A4E8E}
		{A6C1A200-BE8C-409E-AD1F-C101D57BCDD3} = {C8DE7090-470D-47DB-9C1F-5555023A4E8E}
		{B14722C9-4593-4662-ACAE-35381D0DB844} = {6A08A26C-4FC1-4D1A-A29C-1CE41087B135}
		{C0F614D4-AC02-4DFB-9B22-E1610BAB4692} = {6A08A26C-4FC1-4D1A-A29C-1CE41087B135}
		{9FB91B3D-BA13-4C3E-BEB6-31A9CA74FE25} = {B14722C9-4593-4662-ACAE-35381D0DB844}
		{9C96F237-A55D-4518-90C2-1CC842687003} = {B14722C9-4593-4662-ACAE-35381D0DB844}
		{92527B8D-EE65-4FB0-9072-9574E9D02A68} = {C0F614D4-AC02-4DFB-9B22-E1610BAB4692}
		{6DEB38A3-BC35-4E57-BA61-A3BF9A92042F} = {C0F614D4-AC02-4DFB-9B22-E1610BAB4692}
		{C866ECA2-3108-4FBB-9FBE-8A25E6FCC965} = {C0F614D4-AC02-4DFB-9B22-E1610BAB4692}
		{6A08A26C-4FC1-4D1A-A29C-1CE41087B135} = {C85CCE84-0DDF-48F9-9CE1-1342527FFFA2}
		{53A3C158-58CC-4495-8BD5-EFD81F3C7942} = {B14722C9-4593-4662-ACAE-35381D0DB844}
		{855CCFCD-207E-4BEF-8580-863F74B4786B} = {6A08A26C-4FC1-4D1A-A29C-1CE41087B135}
		{07AFE05E-F93A-4349-9A71-C7C09BB77756} = {855CCFCD-207E-4BEF-8580-863F74B4786B}
		{12B7A071-5CA0-4EE2-83D9-547011808551} = {855CCFCD-207E-4BEF-8580-863F74B4786B}
		{2B723E81-3152-4F50-BFF7-36C1F343AEE8} = {855CCFCD-207E-4BEF-8580-863F74B4786B}
	EndGlobalSection
EndGlobal
